
Microsoft Visual Studio Solution File, Format Version 12.00
# Visual Studio Version 17
VisualStudioVersion = 17.0.31903.59
MinimumVisualStudioVersion = 10.0.40219.1
Project("{2150E333-8FDC-42A3-9474-1A3956D46DE8}") = "UI", "UI", "{71A97C29-CADD-4004-BD66-0D2777863117}"
EndProject
Project("{FAE04EC0-301F-11D3-BF4B-00C04F79EFBC}") = "LucasNetLib.UI.Console", "UI\LucasNetLib.UI.Console\LucasNetLib.UI.Console.csproj", "{0BDED31E-39ED-43EE-AC3B-56D109963A1C}"
EndProject
Project("{2150E333-8FDC-42A3-9474-1A3956D46DE8}") = "Communication", "Communication", "{C93C6E78-1EB4-4883-8AAB-A2931CA119F3}"
EndProject
Project("{FAE04EC0-301F-11D3-BF4B-00C04F79EFBC}") = "LucasNetLib.Communication", "Communication\LucasNetLib.Communication\LucasNetLib.Communication.csproj", "{6D9F91D4-B929-4F67-8B53-1BD1E74C03B4}"
EndProject
Project("{FAE04EC0-301F-11D3-BF4B-00C04F79EFBC}") = "LucasNetLib.UI.Winform", "UI\LucasNetLib.UI.Winform\LucasNetLib.UI.Winform.csproj", "{B526E7EA-9C15-4064-8EC7-EF4F5E079926}"
EndProject
Project("{FAE04EC0-301F-11D3-BF4B-00C04F79EFBC}") = "LucasNetLib.UI.WPF", "UI\LucasNetLib.UI.WPF\LucasNetLib.UI.WPF.csproj", "{41C273CC-D03E-427B-9F6B-36416F77C911}"
EndProject
Project("{2150E333-8FDC-42A3-9474-1A3956D46DE8}") = "Fundamental", "Fundamental", "{B5BFD827-CC4C-472C-888C-BA0F78A79FB7}"
EndProject
Project("{FAE04EC0-301F-11D3-BF4B-00C04F79EFBC}") = "LucasNetLib.Fundamental.Threading", "Fundamental\LucasNetLib.Fundamental.Threading\LucasNetLib.Fundamental.Threading.csproj", "{BEFD2749-5CD1-4A7E-9DCC-28BE1EA83961}"
EndProject
Global
	GlobalSection(SolutionConfigurationPlatforms) = preSolution
		Debug|Any CPU = Debug|Any CPU
		Release|Any CPU = Release|Any CPU
	EndGlobalSection
	GlobalSection(SolutionProperties) = preSolution
		HideSolutionNode = FALSE
	EndGlobalSection
	GlobalSection(ProjectConfigurationPlatforms) = postSolution
		{0BDED31E-39ED-43EE-AC3B-56D109963A1C}.Debug|Any CPU.ActiveCfg = Debug|Any CPU
		{0BDED31E-39ED-43EE-AC3B-56D109963A1C}.Debug|Any CPU.Build.0 = Debug|Any CPU
		{0BDED31E-39ED-43EE-AC3B-56D109963A1C}.Release|Any CPU.ActiveCfg = Release|Any CPU
		{0BDED31E-39ED-43EE-AC3B-56D109963A1C}.Release|Any CPU.Build.0 = Release|Any CPU
		{6D9F91D4-B929-4F67-8B53-1BD1E74C03B4}.Debug|Any CPU.ActiveCfg = Debug|Any CPU
		{6D9F91D4-B929-4F67-8B53-1BD1E74C03B4}.Debug|Any CPU.Build.0 = Debug|Any CPU
		{6D9F91D4-B929-4F67-8B53-1BD1E74C03B4}.Release|Any CPU.ActiveCfg = Release|Any CPU
		{6D9F91D4-B929-4F67-8B53-1BD1E74C03B4}.Release|Any CPU.Build.0 = Release|Any CPU
		{B526E7EA-9C15-4064-8EC7-EF4F5E079926}.Debug|Any CPU.ActiveCfg = Debug|Any CPU
		{B526E7EA-9C15-4064-8EC7-EF4F5E079926}.Debug|Any CPU.Build.0 = Debug|Any CPU
		{B526E7EA-9C15-4064-8EC7-EF4F5E079926}.Release|Any CPU.ActiveCfg = Release|Any CPU
		{B526E7EA-9C15-4064-8EC7-EF4F5E079926}.Release|Any CPU.Build.0 = Release|Any CPU
		{41C273CC-D03E-427B-9F6B-36416F77C911}.Debug|Any CPU.ActiveCfg = Debug|Any CPU
		{41C273CC-D03E-427B-9F6B-36416F77C911}.Debug|Any CPU.Build.0 = Debug|Any CPU
		{41C273CC-D03E-427B-9F6B-36416F77C911}.Release|Any CPU.ActiveCfg = Release|Any CPU
		{41C273CC-D03E-427B-9F6B-36416F77C911}.Release|Any CPU.Build.0 = Release|Any CPU
		{BEFD2749-5CD1-4A7E-9DCC-28BE1EA83961}.Debug|Any CPU.ActiveCfg = Debug|Any CPU
		{BEFD2749-5CD1-4A7E-9DCC-28BE1EA83961}.Debug|Any CPU.Build.0 = Debug|Any CPU
		{BEFD2749-5CD1-4A7E-9DCC-28BE1EA83961}.Release|Any CPU.ActiveCfg = Release|Any CPU
		{BEFD2749-5CD1-4A7E-9DCC-28BE1EA83961}.Release|Any CPU.Build.0 = Release|Any CPU
	EndGlobalSection
	GlobalSection(NestedProjects) = preSolution
		{0BDED31E-39ED-43EE-AC3B-56D109963A1C} = {71A97C29-CADD-4004-BD66-0D2777863117}
		{6D9F91D4-B929-4F67-8B53-1BD1E74C03B4} = {C93C6E78-1EB4-4883-8AAB-A2931CA119F3}
		{B526E7EA-9C15-4064-8EC7-EF4F5E079926} = {71A97C29-CADD-4004-BD66-0D2777863117}
		{41C273CC-D03E-427B-9F6B-36416F77C911} = {71A97C29-CADD-4004-BD66-0D2777863117}
		{BEFD2749-5CD1-4A7E-9DCC-28BE1EA83961} = {B5BFD827-CC4C-472C-888C-BA0F78A79FB7}
	EndGlobalSection
EndGlobal
