
Microsoft Visual Studio Solution File, Format Version 12.00
# Visual Studio Version 17
VisualStudioVersion = 17.0.31903.59
MinimumVisualStudioVersion = 10.0.40219.1
Project("{2150E333-8FDC-42A3-9474-1A3956D46DE8}") = "UI", "UI", "{71A97C29-CADD-4004-BD66-0D2777863117}"
EndProject
Project("{9A19103F-16F7-4668-BE54-9A1E7A4F7556}") = "LucasNetLib.UI.Console", "UI\LucasNetLib.UI.Console\LucasNetLib.UI.Console.csproj", "{0BDED31E-39ED-43EE-AC3B-56D109963A1C}"
EndProject
Project("{2150E333-8FDC-42A3-9474-1A3956D46DE8}") = "Communication", "Communication", "{C93C6E78-1EB4-4883-8AAB-A2931CA119F3}"
EndProject
Project("{9A19103F-16F7-4668-BE54-9A1E7A4F7556}") = "LucasNetLib.Communication", "Communication\LucasNetLib.Communication\LucasNetLib.Communication.csproj", "{6D9F91D4-B929-4F67-8B53-1BD1E74C03B4}"
EndProject
Project("{9A19103F-16F7-4668-BE54-9A1E7A4F7556}") = "LucasNetLib.UI.Winform", "UI\LucasNetLib.UI.Winform\LucasNetLib.UI.Winform.csproj", "{B526E7EA-9C15-4064-8EC7-EF4F5E079926}"
EndProject
Project("{9A19103F-16F7-4668-BE54-9A1E7A4F7556}") = "LucasNetLib.UI.WPF", "UI\LucasNetLib.UI.WPF\LucasNetLib.UI.WPF.csproj", "{41C273CC-D03E-427B-9F6B-36416F77C911}"
EndProject
Project("{2150E333-8FDC-42A3-9474-1A3956D46DE8}") = "Fundamental", "Fundamental", "{B5BFD827-CC4C-472C-888C-BA0F78A79FB7}"
EndProject
Project("{9A19103F-16F7-4668-BE54-9A1E7A4F7556}") = "LucasNetLib.Fundamental.Threading", "Fundamental\LucasNetLib.Fundamental.Threading\LucasNetLib.Fundamental.Threading.csproj", "{BEFD2749-5CD1-4A7E-9DCC-28BE1EA83961}"
EndProject
Project("{9A19103F-16F7-4668-BE54-9A1E7A4F7556}") = "LucasNetLib.Fundamental.Timer", "Fundamental\LucasNetLib.Fundamental.Timer\LucasNetLib.Fundamental.Timer.csproj", "{7BF73461-C5D4-470D-B45D-5CDEA5E3F196}"
EndProject
Project("{9A19103F-16F7-4668-BE54-9A1E7A4F7556}") = "LucasNetLib.Fundamental.Logging", "Fundamental\LucasNetLib.Fundamental.Logging\LucasNetLib.Fundamental.Logging.csproj", "{C1E59899-076D-40CC-984B-864C2EDA8E49}"
EndProject
Project("{9A19103F-16F7-4668-BE54-9A1E7A4F7556}") = "LucasNetLib.Fundamental.DI", "Fundamental\LucasNetLib.Fundamental.DI\LucasNetLib.Fundamental.DI.csproj", "{A7B3DE10-A4AA-4770-B370-33941C44AAC3}"
EndProject
Project("{9A19103F-16F7-4668-BE54-9A1E7A4F7556}") = "LucasNetLib.Fundamental.Configuration", "Fundamental\LucasNetLib.Fundamental.Configuration\LucasNetLib.Fundamental.Configuration.csproj", "{59B8E744-C64D-4CC3-AA11-DC663081792E}"
EndProject
Project("{9A19103F-16F7-4668-BE54-9A1E7A4F7556}") = "LucasNetLib.Fundamental.Cache", "Fundamental\LucasNetLib.Fundamental.Cache\LucasNetLib.Fundamental.Cache.csproj", "{BF414F8E-1E0D-441B-AE81-B547BB5D0857}"
EndProject
Project("{9A19103F-16F7-4668-BE54-9A1E7A4F7556}") = "LucasNetLib.UI.Avalonia", "UI\LucasNetLib.UI.Avalonia\LucasNetLib.UI.Avalonia.csproj", "{1DDF9780-917B-4297-952A-71336F056E14}"
EndProject
Project("{9A19103F-16F7-4668-BE54-9A1E7A4F7556}") = "LucasNetLib.UI.AvaloniaTemplate", "UI\LucasNetLib.UI.AvaloniaTemplate\LucasNetLib.UI.AvaloniaTemplate.csproj", "{A5A0C6B4-60F1-4827-B091-7942B1DA9753}"
EndProject
Project("{9A19103F-16F7-4668-BE54-9A1E7A4F7556}") = "LucasNetLib.Fundamental.BenchmarkDotNet", "Fundamental\LucasNetLib.Fundamental.BenchmarkDotNet\LucasNetLib.Fundamental.BenchmarkDotNet.csproj", "{B8EB8508-FECA-45F3-A20D-266D86D141F0}"
EndProject
Project("{9A19103F-16F7-4668-BE54-9A1E7A4F7556}") = "LucasNetLib.Fundamental.EventBus", "Fundamental\LucasNetLib.Fundamental.EventBus\LucasNetLib.Fundamental.EventBus\LucasNetLib.Fundamental.EventBus.csproj", "{C97AAB2E-B08B-46F4-B8B7-89EE2C0167FA}"
EndProject
Global
	GlobalSection(SolutionConfigurationPlatforms) = preSolution
		Debug|Any CPU = Debug|Any CPU
		Release|Any CPU = Release|Any CPU
	EndGlobalSection
	GlobalSection(ProjectConfigurationPlatforms) = postSolution
		{0BDED31E-39ED-43EE-AC3B-56D109963A1C}.Debug|Any CPU.ActiveCfg = Debug|Any CPU
		{0BDED31E-39ED-43EE-AC3B-56D109963A1C}.Debug|Any CPU.Build.0 = Debug|Any CPU
		{0BDED31E-39ED-43EE-AC3B-56D109963A1C}.Release|Any CPU.ActiveCfg = Release|Any CPU
		{0BDED31E-39ED-43EE-AC3B-56D109963A1C}.Release|Any CPU.Build.0 = Release|Any CPU
		{6D9F91D4-B929-4F67-8B53-1BD1E74C03B4}.Debug|Any CPU.ActiveCfg = Debug|Any CPU
		{6D9F91D4-B929-4F67-8B53-1BD1E74C03B4}.Debug|Any CPU.Build.0 = Debug|Any CPU
		{6D9F91D4-B929-4F67-8B53-1BD1E74C03B4}.Release|Any CPU.ActiveCfg = Release|Any CPU
		{6D9F91D4-B929-4F67-8B53-1BD1E74C03B4}.Release|Any CPU.Build.0 = Release|Any CPU
		{B526E7EA-9C15-4064-8EC7-EF4F5E079926}.Debug|Any CPU.ActiveCfg = Debug|Any CPU
		{B526E7EA-9C15-4064-8EC7-EF4F5E079926}.Debug|Any CPU.Build.0 = Debug|Any CPU
		{B526E7EA-9C15-4064-8EC7-EF4F5E079926}.Release|Any CPU.ActiveCfg = Release|Any CPU
		{B526E7EA-9C15-4064-8EC7-EF4F5E079926}.Release|Any CPU.Build.0 = Release|Any CPU
		{41C273CC-D03E-427B-9F6B-36416F77C911}.Debug|Any CPU.ActiveCfg = Debug|Any CPU
		{41C273CC-D03E-427B-9F6B-36416F77C911}.Debug|Any CPU.Build.0 = Debug|Any CPU
		{41C273CC-D03E-427B-9F6B-36416F77C911}.Release|Any CPU.ActiveCfg = Release|Any CPU
		{41C273CC-D03E-427B-9F6B-36416F77C911}.Release|Any CPU.Build.0 = Release|Any CPU
		{BEFD2749-5CD1-4A7E-9DCC-28BE1EA83961}.Debug|Any CPU.ActiveCfg = Debug|Any CPU
		{BEFD2749-5CD1-4A7E-9DCC-28BE1EA83961}.Debug|Any CPU.Build.0 = Debug|Any CPU
		{BEFD2749-5CD1-4A7E-9DCC-28BE1EA83961}.Release|Any CPU.ActiveCfg = Release|Any CPU
		{BEFD2749-5CD1-4A7E-9DCC-28BE1EA83961}.Release|Any CPU.Build.0 = Release|Any CPU
		{7BF73461-C5D4-470D-B45D-5CDEA5E3F196}.Debug|Any CPU.ActiveCfg = Debug|Any CPU
		{7BF73461-C5D4-470D-B45D-5CDEA5E3F196}.Debug|Any CPU.Build.0 = Debug|Any CPU
		{7BF73461-C5D4-470D-B45D-5CDEA5E3F196}.Release|Any CPU.ActiveCfg = Release|Any CPU
		{7BF73461-C5D4-470D-B45D-5CDEA5E3F196}.Release|Any CPU.Build.0 = Release|Any CPU
		{C1E59899-076D-40CC-984B-864C2EDA8E49}.Debug|Any CPU.ActiveCfg = Debug|Any CPU
		{C1E59899-076D-40CC-984B-864C2EDA8E49}.Debug|Any CPU.Build.0 = Debug|Any CPU
		{C1E59899-076D-40CC-984B-864C2EDA8E49}.Release|Any CPU.ActiveCfg = Release|Any CPU
		{C1E59899-076D-40CC-984B-864C2EDA8E49}.Release|Any CPU.Build.0 = Release|Any CPU
		{A7B3DE10-A4AA-4770-B370-33941C44AAC3}.Debug|Any CPU.ActiveCfg = Debug|Any CPU
		{A7B3DE10-A4AA-4770-B370-33941C44AAC3}.Debug|Any CPU.Build.0 = Debug|Any CPU
		{A7B3DE10-A4AA-4770-B370-33941C44AAC3}.Release|Any CPU.ActiveCfg = Release|Any CPU
		{A7B3DE10-A4AA-4770-B370-33941C44AAC3}.Release|Any CPU.Build.0 = Release|Any CPU
		{59B8E744-C64D-4CC3-AA11-DC663081792E}.Debug|Any CPU.ActiveCfg = Debug|Any CPU
		{59B8E744-C64D-4CC3-AA11-DC663081792E}.Debug|Any CPU.Build.0 = Debug|Any CPU
		{59B8E744-C64D-4CC3-AA11-DC663081792E}.Release|Any CPU.ActiveCfg = Release|Any CPU
		{59B8E744-C64D-4CC3-AA11-DC663081792E}.Release|Any CPU.Build.0 = Release|Any CPU
		{BF414F8E-1E0D-441B-AE81-B547BB5D0857}.Debug|Any CPU.ActiveCfg = Debug|Any CPU
		{BF414F8E-1E0D-441B-AE81-B547BB5D0857}.Debug|Any CPU.Build.0 = Debug|Any CPU
		{BF414F8E-1E0D-441B-AE81-B547BB5D0857}.Release|Any CPU.ActiveCfg = Release|Any CPU
		{BF414F8E-1E0D-441B-AE81-B547BB5D0857}.Release|Any CPU.Build.0 = Release|Any CPU
		{1DDF9780-917B-4297-952A-71336F056E14}.Debug|Any CPU.ActiveCfg = Debug|Any CPU
		{1DDF9780-917B-4297-952A-71336F056E14}.Debug|Any CPU.Build.0 = Debug|Any CPU
		{1DDF9780-917B-4297-952A-71336F056E14}.Release|Any CPU.ActiveCfg = Release|Any CPU
		{1DDF9780-917B-4297-952A-71336F056E14}.Release|Any CPU.Build.0 = Release|Any CPU
		{A5A0C6B4-60F1-4827-B091-7942B1DA9753}.Debug|Any CPU.ActiveCfg = Debug|Any CPU
		{A5A0C6B4-60F1-4827-B091-7942B1DA9753}.Debug|Any CPU.Build.0 = Debug|Any CPU
		{A5A0C6B4-60F1-4827-B091-7942B1DA9753}.Release|Any CPU.ActiveCfg = Release|Any CPU
		{A5A0C6B4-60F1-4827-B091-7942B1DA9753}.Release|Any CPU.Build.0 = Release|Any CPU
		{B8EB8508-FECA-45F3-A20D-266D86D141F0}.Debug|Any CPU.ActiveCfg = Debug|Any CPU
		{B8EB8508-FECA-45F3-A20D-266D86D141F0}.Debug|Any CPU.Build.0 = Debug|Any CPU
		{B8EB8508-FECA-45F3-A20D-266D86D141F0}.Release|Any CPU.ActiveCfg = Release|Any CPU
		{B8EB8508-FECA-45F3-A20D-266D86D141F0}.Release|Any CPU.Build.0 = Release|Any CPU
		{C97AAB2E-B08B-46F4-B8B7-89EE2C0167FA}.Debug|Any CPU.ActiveCfg = Debug|Any CPU
		{C97AAB2E-B08B-46F4-B8B7-89EE2C0167FA}.Debug|Any CPU.Build.0 = Debug|Any CPU
		{C97AAB2E-B08B-46F4-B8B7-89EE2C0167FA}.Release|Any CPU.ActiveCfg = Release|Any CPU
		{C97AAB2E-B08B-46F4-B8B7-89EE2C0167FA}.Release|Any CPU.Build.0 = Release|Any CPU
	EndGlobalSection
	GlobalSection(SolutionProperties) = preSolution
		HideSolutionNode = FALSE
	EndGlobalSection
	GlobalSection(NestedProjects) = preSolution
		{0BDED31E-39ED-43EE-AC3B-56D109963A1C} = {71A97C29-CADD-4004-BD66-0D2777863117}
		{6D9F91D4-B929-4F67-8B53-1BD1E74C03B4} = {C93C6E78-1EB4-4883-8AAB-A2931CA119F3}
		{B526E7EA-9C15-4064-8EC7-EF4F5E079926} = {71A97C29-CADD-4004-BD66-0D2777863117}
		{41C273CC-D03E-427B-9F6B-36416F77C911} = {71A97C29-CADD-4004-BD66-0D2777863117}
		{BEFD2749-5CD1-4A7E-9DCC-28BE1EA83961} = {B5BFD827-CC4C-472C-888C-BA0F78A79FB7}
		{7BF73461-C5D4-470D-B45D-5CDEA5E3F196} = {B5BFD827-CC4C-472C-888C-BA0F78A79FB7}
		{C1E59899-076D-40CC-984B-864C2EDA8E49} = {B5BFD827-CC4C-472C-888C-BA0F78A79FB7}
		{A7B3DE10-A4AA-4770-B370-33941C44AAC3} = {B5BFD827-CC4C-472C-888C-BA0F78A79FB7}
		{59B8E744-C64D-4CC3-AA11-DC663081792E} = {B5BFD827-CC4C-472C-888C-BA0F78A79FB7}
		{BF414F8E-1E0D-441B-AE81-B547BB5D0857} = {B5BFD827-CC4C-472C-888C-BA0F78A79FB7}
		{1DDF9780-917B-4297-952A-71336F056E14} = {71A97C29-CADD-4004-BD66-0D2777863117}
		{A5A0C6B4-60F1-4827-B091-7942B1DA9753} = {71A97C29-CADD-4004-BD66-0D2777863117}
		{B8EB8508-FECA-45F3-A20D-266D86D141F0} = {B5BFD827-CC4C-472C-888C-BA0F78A79FB7}
		{C97AAB2E-B08B-46F4-B8B7-89EE2C0167FA} = {B5BFD827-CC4C-472C-888C-BA0F78A79FB7}
	EndGlobalSection
	GlobalSection(ExtensibilityGlobals) = postSolution
		SolutionGuid = {46155B61-ED80-400C-945D-AA90B23AD91B}
	EndGlobalSection
EndGlobal
